{
    "_readme": [
        "This file locks the dependencies of your project to a known state",
        "Read more about it at https://getcomposer.org/doc/01-basic-usage.md#installing-dependencies",
        "This file is @generated automatically"
    ],
    "content-hash": "020915b87d4ab8ac8119337ca936e79b",
    "packages": [
        {
            "name": "league/flysystem",
            "version": "2.5.0",
            "source": {
                "type": "git",
                "url": "https://github.com/thephpleague/flysystem.git",
                "reference": "8aaffb653c5777781b0f7f69a5d937baf7ab6cdb"
            },
            "dist": {
                "type": "zip",
                "url": "https://api.github.com/repos/thephpleague/flysystem/zipball/8aaffb653c5777781b0f7f69a5d937baf7ab6cdb",
                "reference": "8aaffb653c5777781b0f7f69a5d937baf7ab6cdb",
                "shasum": ""
            },
            "require": {
                "ext-json": "*",
                "league/mime-type-detection": "^1.0.0",
                "php": "^7.2 || ^8.0"
            },
            "conflict": {
                "guzzlehttp/ringphp": "<1.1.1"
            },
            "require-dev": {
                "async-aws/s3": "^1.5",
                "async-aws/simple-s3": "^1.0",
                "aws/aws-sdk-php": "^3.132.4",
                "composer/semver": "^3.0",
                "ext-fileinfo": "*",
                "ext-ftp": "*",
                "friendsofphp/php-cs-fixer": "^3.2",
                "google/cloud-storage": "^1.23",
                "phpseclib/phpseclib": "^2.0",
                "phpstan/phpstan": "^0.12.26",
                "phpunit/phpunit": "^8.5 || ^9.4",
                "sabre/dav": "^4.1"
            },
            "type": "library",
            "autoload": {
                "psr-4": {
                    "League\\Flysystem\\": "src"
                }
            },
            "notification-url": "https://packagist.org/downloads/",
            "license": [
                "MIT"
            ],
            "authors": [
                {
                    "name": "Frank de Jonge",
                    "email": "info@frankdejonge.nl"
                }
            ],
            "description": "File storage abstraction for PHP",
            "keywords": [
                "WebDAV",
                "aws",
                "cloud",
                "file",
                "files",
                "filesystem",
                "filesystems",
                "ftp",
                "s3",
                "sftp",
                "storage"
            ],
            "support": {
                "issues": "https://github.com/thephpleague/flysystem/issues",
                "source": "https://github.com/thephpleague/flysystem/tree/2.5.0"
            },
            "funding": [
                {
                    "url": "https://ecologi.com/frankdejonge",
                    "type": "custom"
                },
                {
                    "url": "https://github.com/frankdejonge",
                    "type": "github"
                },
                {
                    "url": "https://tidelift.com/funding/github/packagist/league/flysystem",
                    "type": "tidelift"
                }
            ],
            "time": "2022-09-17T21:02:32+00:00"
        },
        {
            "name": "league/mime-type-detection",
            "version": "1.16.0",
            "source": {
                "type": "git",
                "url": "https://github.com/thephpleague/mime-type-detection.git",
                "reference": "2d6702ff215bf922936ccc1ad31007edc76451b9"
            },
            "dist": {
                "type": "zip",
                "url": "https://api.github.com/repos/thephpleague/mime-type-detection/zipball/2d6702ff215bf922936ccc1ad31007edc76451b9",
                "reference": "2d6702ff215bf922936ccc1ad31007edc76451b9",
                "shasum": ""
            },
            "require": {
                "ext-fileinfo": "*",
                "php": "^7.4 || ^8.0"
            },
            "require-dev": {
                "friendsofphp/php-cs-fixer": "^3.2",
                "phpstan/phpstan": "^0.12.68",
                "phpunit/phpunit": "^8.5.8 || ^9.3 || ^10.0"
            },
            "type": "library",
            "autoload": {
                "psr-4": {
                    "League\\MimeTypeDetection\\": "src"
                }
            },
            "notification-url": "https://packagist.org/downloads/",
            "license": [
                "MIT"
            ],
            "authors": [
                {
                    "name": "Frank de Jonge",
                    "email": "info@frankdejonge.nl"
                }
            ],
            "description": "Mime-type detection for Flysystem",
            "support": {
                "issues": "https://github.com/thephpleague/mime-type-detection/issues",
                "source": "https://github.com/thephpleague/mime-type-detection/tree/1.16.0"
            },
            "funding": [
                {
                    "url": "https://github.com/frankdejonge",
                    "type": "github"
                },
                {
                    "url": "https://tidelift.com/funding/github/packagist/league/flysystem",
                    "type": "tidelift"
                }
            ],
            "time": "2024-09-21T08:32:55+00:00"
        },
        {
            "name": "psr/container",
            "version": "2.0.2",
            "source": {
                "type": "git",
                "url": "https://github.com/php-fig/container.git",
                "reference": "c71ecc56dfe541dbd90c5360474fbc405f8d5963"
            },
            "dist": {
                "type": "zip",
                "url": "https://api.github.com/repos/php-fig/container/zipball/c71ecc56dfe541dbd90c5360474fbc405f8d5963",
                "reference": "c71ecc56dfe541dbd90c5360474fbc405f8d5963",
                "shasum": ""
            },
            "require": {
                "php": ">=7.4.0"
            },
            "type": "library",
            "extra": {
                "branch-alias": {
                    "dev-master": "2.0.x-dev"
                }
            },
            "autoload": {
                "psr-4": {
                    "Psr\\Container\\": "src/"
                }
            },
            "notification-url": "https://packagist.org/downloads/",
            "license": [
                "MIT"
            ],
            "authors": [
                {
                    "name": "PHP-FIG",
                    "homepage": "https://www.php-fig.org/"
                }
            ],
            "description": "Common Container Interface (PHP FIG PSR-11)",
            "homepage": "https://github.com/php-fig/container",
            "keywords": [
                "PSR-11",
                "container",
                "container-interface",
                "container-interop",
                "psr"
            ],
            "support": {
                "issues": "https://github.com/php-fig/container/issues",
                "source": "https://github.com/php-fig/container/tree/2.0.2"
            },
            "time": "2021-11-05T16:47:00+00:00"
        },
        {
            "name": "psr/http-message",
            "version": "1.1",
            "source": {
                "type": "git",
                "url": "https://github.com/php-fig/http-message.git",
                "reference": "cb6ce4845ce34a8ad9e68117c10ee90a29919eba"
            },
            "dist": {
                "type": "zip",
                "url": "https://api.github.com/repos/php-fig/http-message/zipball/cb6ce4845ce34a8ad9e68117c10ee90a29919eba",
                "reference": "cb6ce4845ce34a8ad9e68117c10ee90a29919eba",
                "shasum": ""
            },
            "require": {
                "php": "^7.2 || ^8.0"
            },
            "type": "library",
            "extra": {
                "branch-alias": {
                    "dev-master": "1.1.x-dev"
                }
            },
            "autoload": {
                "psr-4": {
                    "Psr\\Http\\Message\\": "src/"
                }
            },
            "notification-url": "https://packagist.org/downloads/",
            "license": [
                "MIT"
            ],
            "authors": [
                {
                    "name": "PHP-FIG",
                    "homepage": "http://www.php-fig.org/"
                }
            ],
            "description": "Common interface for HTTP messages",
            "homepage": "https://github.com/php-fig/http-message",
            "keywords": [
                "http",
                "http-message",
                "psr",
                "psr-7",
                "request",
                "response"
            ],
            "support": {
                "source": "https://github.com/php-fig/http-message/tree/1.1"
            },
            "time": "2023-04-04T09:50:52+00:00"
        },
        {
            "name": "psr/log",
            "version": "3.0.2",
            "source": {
                "type": "git",
                "url": "https://github.com/php-fig/log.git",
                "reference": "f16e1d5863e37f8d8c2a01719f5b34baa2b714d3"
            },
            "dist": {
                "type": "zip",
                "url": "https://api.github.com/repos/php-fig/log/zipball/f16e1d5863e37f8d8c2a01719f5b34baa2b714d3",
                "reference": "f16e1d5863e37f8d8c2a01719f5b34baa2b714d3",
                "shasum": ""
            },
            "require": {
                "php": ">=8.0.0"
            },
            "type": "library",
            "extra": {
                "branch-alias": {
                    "dev-master": "3.x-dev"
                }
            },
            "autoload": {
                "psr-4": {
                    "Psr\\Log\\": "src"
                }
            },
            "notification-url": "https://packagist.org/downloads/",
            "license": [
                "MIT"
            ],
            "authors": [
                {
                    "name": "PHP-FIG",
                    "homepage": "https://www.php-fig.org/"
                }
            ],
            "description": "Common interface for logging libraries",
            "homepage": "https://github.com/php-fig/log",
            "keywords": [
                "log",
                "psr",
                "psr-3"
            ],
            "support": {
                "source": "https://github.com/php-fig/log/tree/3.0.2"
            },
            "time": "2024-09-11T13:17:53+00:00"
        },
        {
            "name": "psr/simple-cache",
            "version": "3.0.0",
            "source": {
                "type": "git",
                "url": "https://github.com/php-fig/simple-cache.git",
                "reference": "764e0b3939f5ca87cb904f570ef9be2d78a07865"
            },
            "dist": {
                "type": "zip",
                "url": "https://api.github.com/repos/php-fig/simple-cache/zipball/764e0b3939f5ca87cb904f570ef9be2d78a07865",
                "reference": "764e0b3939f5ca87cb904f570ef9be2d78a07865",
                "shasum": ""
            },
            "require": {
                "php": ">=8.0.0"
            },
            "type": "library",
            "extra": {
                "branch-alias": {
                    "dev-master": "3.0.x-dev"
                }
            },
            "autoload": {
                "psr-4": {
                    "Psr\\SimpleCache\\": "src/"
                }
            },
            "notification-url": "https://packagist.org/downloads/",
            "license": [
                "MIT"
            ],
            "authors": [
                {
                    "name": "PHP-FIG",
                    "homepage": "https://www.php-fig.org/"
                }
            ],
            "description": "Common interfaces for simple caching",
            "keywords": [
                "cache",
                "caching",
                "psr",
                "psr-16",
                "simple-cache"
            ],
            "support": {
                "source": "https://github.com/php-fig/simple-cache/tree/3.0.0"
            },
            "time": "2021-10-29T13:26:27+00:00"
        },
        {
            "name": "topthink/framework",
            "version": "v8.0.4",
            "source": {
                "type": "git",
                "url": "https://github.com/top-think/framework.git",
                "reference": "846432655a82614a874cdaaac7be6870940b14d2"
            },
            "dist": {
                "type": "zip",
                "url": "https://api.github.com/repos/top-think/framework/zipball/846432655a82614a874cdaaac7be6870940b14d2",
                "reference": "846432655a82614a874cdaaac7be6870940b14d2",
                "shasum": ""
            },
            "require": {
                "ext-json": "*",
                "ext-mbstring": "*",
                "php": ">=8.0.0",
                "psr/container": "^2.0",
                "psr/http-message": "^1.0",
                "psr/log": "^1.0|^2.0|^3.0",
                "psr/simple-cache": "^1.0|^2.0|^3.0",
                "topthink/think-helper": "^3.1",
                "topthink/think-orm": "^3.0"
            },
            "require-dev": {
                "guzzlehttp/psr7": "^2.1.0",
                "mikey179/vfsstream": "^1.6",
                "mockery/mockery": "^1.2",
                "phpunit/phpunit": "^9.5"
            },
            "type": "library",
            "autoload": {
                "files": [],
                "psr-4": {
                    "think\\": "src/think/"
                }
            },
            "notification-url": "https://packagist.org/downloads/",
            "license": [
                "Apache-2.0"
            ],
            "authors": [
                {
                    "name": "liu21st",
                    "email": "liu21st@gmail.com"
                },
                {
                    "name": "yunwuxin",
                    "email": "448901948@qq.com"
                }
            ],
            "description": "The ThinkPHP Framework.",
            "homepage": "http://thinkphp.cn/",
            "keywords": [
                "framework",
                "orm",
                "thinkphp"
            ],
            "support": {
                "issues": "https://github.com/top-think/framework/issues",
                "source": "https://github.com/top-think/framework/tree/v8.0.4"
            },
            "time": "2024-07-29T03:24:24+00:00"
        },
        {
            "name": "topthink/think-filesystem",
            "version": "v2.0.2",
            "source": {
                "type": "git",
                "url": "https://github.com/top-think/think-filesystem.git",
                "reference": "c08503232fcae0c3c7fefae5e6b5c841ffe09f2f"
            },
            "dist": {
                "type": "zip",
                "url": "https://api.github.com/repos/top-think/think-filesystem/zipball/c08503232fcae0c3c7fefae5e6b5c841ffe09f2f",
                "reference": "c08503232fcae0c3c7fefae5e6b5c841ffe09f2f",
                "shasum": ""
            },
            "require": {
                "league/flysystem": "^2.0",
                "topthink/framework": "^6.1|^8.0"
            },
            "require-dev": {
                "mikey179/vfsstream": "^1.6",
                "mockery/mockery": "^1.2",
                "phpunit/phpunit": "^8.0"
            },
            "type": "library",
            "autoload": {
                "psr-4": {
                    "think\\": "src"
                }
            },
            "notification-url": "https://packagist.org/downloads/",
            "license": [
                "Apache-2.0"
            ],
            "authors": [
                {
                    "name": "yunwuxin",
                    "email": "448901948@qq.com"
                }
            ],
            "description": "The ThinkPHP6.1 Filesystem Package",
            "support": {
                "issues": "https://github.com/top-think/think-filesystem/issues",
                "source": "https://github.com/top-think/think-filesystem/tree/v2.0.2"
            },
            "time": "2023-02-08T01:23:42+00:00"
        },
        {
            "name": "topthink/think-helper",
            "version": "v3.1.9",
            "source": {
                "type": "git",
                "url": "https://github.com/top-think/think-helper.git",
                "reference": "d554a0a62e4c7034abc7343ee866005c3f399ae2"
            },
            "dist": {
                "type": "zip",
                "url": "https://api.github.com/repos/top-think/think-helper/zipball/d554a0a62e4c7034abc7343ee866005c3f399ae2",
                "reference": "d554a0a62e4c7034abc7343ee866005c3f399ae2",
                "shasum": ""
            },
            "require": {
                "php": ">=7.1.0"
            },
            "require-dev": {
                "phpunit/phpunit": "^9.5"
            },
            "type": "library",
            "autoload": {
                "files": [
                    "src/helper.php"
                ],
                "psr-4": {
                    "think\\": "src"
                }
            },
            "notification-url": "https://packagist.org/downloads/",
            "license": [
                "Apache-2.0"
            ],
            "authors": [
                {
                    "name": "yunwuxin",
                    "email": "448901948@qq.com"
                }
            ],
            "description": "The ThinkPHP6 Helper Package",
            "support": {
                "issues": "https://github.com/top-think/think-helper/issues",
                "source": "https://github.com/top-think/think-helper/tree/v3.1.9"
            },
            "time": "2024-10-15T02:24:05+00:00"
        },
        {
            "name": "topthink/think-orm",
            "version": "v3.0.29",
            "source": {
                "type": "git",
                "url": "https://github.com/top-think/think-orm.git",
                "reference": "db96895739cc0322ffd92de309ebdbb33d46cd2d"
            },
            "dist": {
                "type": "zip",
                "url": "https://api.github.com/repos/top-think/think-orm/zipball/db96895739cc0322ffd92de309ebdbb33d46cd2d",
                "reference": "db96895739cc0322ffd92de309ebdbb33d46cd2d",
                "shasum": ""
            },
            "require": {
                "ext-json": "*",
                "ext-pdo": "*",
                "php": ">=8.0.0",
                "psr/log": ">=1.0",
                "psr/simple-cache": ">=1.0",
                "topthink/think-helper": "^3.1"
            },
            "require-dev": {
                "phpunit/phpunit": "^9.6|^10"
            },
            "suggest": {
                "ext-mongodb": "provide mongodb support"
            },
            "type": "library",
            "autoload": {
                "files": [
                    "stubs/load_stubs.php"
                ],
                "psr-4": {
                    "think\\": "src"
                }
            },
            "notification-url": "https://packagist.org/downloads/",
            "license": [
                "Apache-2.0"
            ],
            "authors": [
                {
                    "name": "liu21st",
                    "email": "liu21st@gmail.com"
                }
            ],
            "description": "the PHP Database&ORM Framework",
            "keywords": [
                "database",
                "orm"
            ],
            "support": {
                "issues": "https://github.com/top-think/think-orm/issues",
                "source": "https://github.com/top-think/think-orm/tree/v3.0.29"
            },
            "time": "2024-10-30T10:04:08+00:00"
        }
    ],
    "packages-dev": [
        {
            "name": "symfony/polyfill-mbstring",
            "version": "v1.31.0",
            "source": {
                "type": "git",
                "url": "https://github.com/symfony/polyfill-mbstring.git",
                "reference": "85181ba99b2345b0ef10ce42ecac37612d9fd341"
            },
            "dist": {
                "type": "zip",
                "url": "https://api.github.com/repos/symfony/polyfill-mbstring/zipball/85181ba99b2345b0ef10ce42ecac37612d9fd341",
                "reference": "85181ba99b2345b0ef10ce42ecac37612d9fd341",
                "shasum": ""
            },
            "require": {
                "php": ">=7.2"
            },
            "provide": {
                "ext-mbstring": "*"
            },
            "suggest": {
                "ext-mbstring": "For best performance"
            },
            "type": "library",
            "extra": {
                "thanks": {
                    "name": "symfony/polyfill",
                    "url": "https://github.com/symfony/polyfill"
                }
            },
            "autoload": {
                "files": [
                    "bootstrap.php"
                ],
                "psr-4": {
                    "Symfony\\Polyfill\\Mbstring\\": ""
                }
            },
            "notification-url": "https://packagist.org/downloads/",
            "license": [
                "MIT"
            ],
            "authors": [
                {
                    "name": "Nicolas Grekas",
                    "email": "p@tchwork.com"
                },
                {
                    "name": "Symfony Community",
                    "homepage": "https://symfony.com/contributors"
                }
            ],
            "description": "Symfony polyfill for the Mbstring extension",
            "homepage": "https://symfony.com",
            "keywords": [
                "compatibility",
                "mbstring",
                "polyfill",
                "portable",
                "shim"
            ],
            "support": {
                "source": "https://github.com/symfony/polyfill-mbstring/tree/v1.31.0"
            },
            "funding": [
                {
                    "url": "https://symfony.com/sponsor",
                    "type": "custom"
                },
                {
                    "url": "https://github.com/fabpot",
                    "type": "github"
                },
                {
                    "url": "https://tidelift.com/funding/github/packagist/symfony/symfony",
                    "type": "tidelift"
                }
            ],
            "time": "2024-09-09T11:45:10+00:00"
        },
        {
            "name": "symfony/var-dumper",
            "version": "v7.1.6",
            "source": {
                "type": "git",
                "url": "https://github.com/symfony/var-dumper.git",
                "reference": "cb5bd55a6b8c2c1c7fb68b0aeae0e257948a720c"
            },
            "dist": {
                "type": "zip",
                "url": "https://api.github.com/repos/symfony/var-dumper/zipball/cb5bd55a6b8c2c1c7fb68b0aeae0e257948a720c",
                "reference": "cb5bd55a6b8c2c1c7fb68b0aeae0e257948a720c",
                "shasum": ""
            },
            "require": {
                "php": ">=8.2",
                "symfony/polyfill-mbstring": "~1.0"
            },
            "conflict": {
                "symfony/console": "<6.4"
            },
            "require-dev": {
                "ext-iconv": "*",
                "symfony/console": "^6.4|^7.0",
                "symfony/http-kernel": "^6.4|^7.0",
                "symfony/process": "^6.4|^7.0",
                "symfony/uid": "^6.4|^7.0",
                "twig/twig": "^3.0.4"
            },
            "bin": [
                "Resources/bin/var-dump-server"
            ],
            "type": "library",
            "autoload": {
                "files": [
                    "Resources/functions/dump.php"
                ],
                "psr-4": {
                    "Symfony\\Component\\VarDumper\\": ""
                },
                "exclude-from-classmap": [
                    "/Tests/"
                ]
            },
            "notification-url": "https://packagist.org/downloads/",
            "license": [
                "MIT"
            ],
            "authors": [
                {
                    "name": "Nicolas Grekas",
                    "email": "p@tchwork.com"
                },
                {
                    "name": "Symfony Community",
                    "homepage": "https://symfony.com/contributors"
                }
            ],
            "description": "Provides mechanisms for walking through any arbitrary PHP variable",
            "homepage": "https://symfony.com",
            "keywords": [
                "debug",
                "dump"
            ],
            "support": {
                "source": "https://github.com/symfony/var-dumper/tree/v7.1.6"
            },
            "funding": [
                {
                    "url": "https://symfony.com/sponsor",
                    "type": "custom"
                },
                {
                    "url": "https://github.com/fabpot",
                    "type": "github"
                },
                {
                    "url": "https://tidelift.com/funding/github/packagist/symfony/symfony",
                    "type": "tidelift"
                }
            ],
            "time": "2024-09-25T14:20:29+00:00"
        },
        {
            "name": "topthink/think-trace",
            "version": "v1.6",
            "source": {
                "type": "git",
                "url": "https://github.com/top-think/think-trace.git",
                "reference": "136cd5d97e8bdb780e4b5c1637c588ed7ca3e142"
            },
            "dist": {
                "type": "zip",
                "url": "https://api.github.com/repos/top-think/think-trace/zipball/136cd5d97e8bdb780e4b5c1637c588ed7ca3e142",
                "reference": "136cd5d97e8bdb780e4b5c1637c588ed7ca3e142",
                "shasum": ""
            },
            "require": {
                "php": ">=7.1.0",
                "topthink/framework": "^6.0|^8.0"
            },
            "type": "library",
            "extra": {
                "think": {
                    "services": [
                        "think\\trace\\Service"
                    ],
                    "config": {
                        "trace": "src/config.php"
                    }
                }
            },
            "autoload": {
                "psr-4": {
                    "think\\trace\\": "src"
                }
            },
            "notification-url": "https://packagist.org/downloads/",
            "license": [
                "Apache-2.0"
            ],
            "authors": [
                {
                    "name": "liu21st",
                    "email": "liu21st@gmail.com"
                }
            ],
            "description": "thinkphp debug trace",
            "support": {
                "issues": "https://github.com/top-think/think-trace/issues",
                "source": "https://github.com/top-think/think-trace/tree/v1.6"
            },
            "time": "2023-02-07T08:36:32+00:00"
        }
    ],
    "aliases": [],
    "minimum-stability": "stable",
    "stability-flags": [],
    "prefer-stable": false,
    "prefer-lowest": false,
    "platform": {
        "php": ">=8.0.0"
    },
    "platform-dev": [],
    "plugin-api-version": "2.3.0"
}
